[[package]]
name = "alga"
version = "0.5.2"
source = "registry+https://github.com/rust-lang/crates.io-index"
dependencies = [
 "approx 0.1.1 (registry+https://github.com/rust-lang/crates.io-index)",
 "num-complex 0.1.41 (registry+https://github.com/rust-lang/crates.io-index)",
 "num-traits 0.1.41 (registry+https://github.com/rust-lang/crates.io-index)",
]

[[package]]
name = "approx"
version = "0.1.1"
source = "registry+https://github.com/rust-lang/crates.io-index"

[[package]]
name = "bitflags"
version = "1.0.1"
source = "registry+https://github.com/rust-lang/crates.io-index"

[[package]]
name = "cfg-if"
version = "0.1.2"
source = "registry+https://github.com/rust-lang/crates.io-index"

[[package]]
name = "dtoa"
version = "0.4.2"
source = "registry+https://github.com/rust-lang/crates.io-index"

[[package]]
name = "fuchsia-zircon"
version = "0.3.3"
source = "registry+https://github.com/rust-lang/crates.io-index"
dependencies = [
 "bitflags 1.0.1 (registry+https://github.com/rust-lang/crates.io-index)",
 "fuchsia-zircon-sys 0.3.3 (registry+https://github.com/rust-lang/crates.io-index)",
]

[[package]]
name = "fuchsia-zircon-sys"
version = "0.3.3"
source = "registry+https://github.com/rust-lang/crates.io-index"

[[package]]
name = "generic-array"
version = "0.8.3"
source = "registry+https://github.com/rust-lang/crates.io-index"
dependencies = [
 "nodrop 0.1.12 (registry+https://github.com/rust-lang/crates.io-index)",
 "typenum 1.9.0 (registry+https://github.com/rust-lang/crates.io-index)",
]

[[package]]
name = "gl"
version = "0.6.5"
source = "registry+https://github.com/rust-lang/crates.io-index"
dependencies = [
 "gl_generator 0.6.1 (registry+https://github.com/rust-lang/crates.io-index)",
]

[[package]]
name = "gl_generator"
version = "0.6.1"
source = "registry+https://github.com/rust-lang/crates.io-index"
dependencies = [
 "khronos_api 2.0.0 (registry+https://github.com/rust-lang/crates.io-index)",
 "log 0.3.9 (registry+https://github.com/rust-lang/crates.io-index)",
 "xml-rs 0.7.0 (registry+https://github.com/rust-lang/crates.io-index)",
]

[[package]]
name = "glenum"
version = "0.1.0"
source = "git+https://github.com/oussama/glenum-rs.git#dd57adf219a4e299636d194a7564b57d17cb25e5"
dependencies = [
 "serde 1.0.27 (registry+https://github.com/rust-lang/crates.io-index)",
 "serde_derive 1.0.27 (registry+https://github.com/rust-lang/crates.io-index)",
]

[[package]]
name = "itoa"
version = "0.3.4"
source = "registry+https://github.com/rust-lang/crates.io-index"

[[package]]
name = "khronos_api"
version = "2.0.0"
source = "registry+https://github.com/rust-lang/crates.io-index"

[[package]]
name = "libc"
version = "0.2.36"
source = "registry+https://github.com/rust-lang/crates.io-index"

[[package]]
name = "log"
version = "0.3.9"
source = "registry+https://github.com/rust-lang/crates.io-index"
dependencies = [
 "log 0.4.1 (registry+https://github.com/rust-lang/crates.io-index)",
]

[[package]]
name = "log"
version = "0.4.1"
source = "registry+https://github.com/rust-lang/crates.io-index"
dependencies = [
 "cfg-if 0.1.2 (registry+https://github.com/rust-lang/crates.io-index)",
]

[[package]]
name = "matrixmultiply"
version = "0.1.14"
source = "registry+https://github.com/rust-lang/crates.io-index"
dependencies = [
 "rawpointer 0.1.0 (registry+https://github.com/rust-lang/crates.io-index)",
]

[[package]]
name = "nalgebra"
version = "0.13.1"
source = "registry+https://github.com/rust-lang/crates.io-index"
dependencies = [
 "alga 0.5.2 (registry+https://github.com/rust-lang/crates.io-index)",
 "approx 0.1.1 (registry+https://github.com/rust-lang/crates.io-index)",
 "generic-array 0.8.3 (registry+https://github.com/rust-lang/crates.io-index)",
 "matrixmultiply 0.1.14 (registry+https://github.com/rust-lang/crates.io-index)",
 "num-complex 0.1.41 (registry+https://github.com/rust-lang/crates.io-index)",
 "num-traits 0.1.41 (registry+https://github.com/rust-lang/crates.io-index)",
 "rand 0.3.20 (registry+https://github.com/rust-lang/crates.io-index)",
 "typenum 1.9.0 (registry+https://github.com/rust-lang/crates.io-index)",
]

[[package]]
name = "ncollide"
version = "0.13.0"
source = "registry+https://github.com/rust-lang/crates.io-index"
dependencies = [
 "ncollide_geometry 0.5.1 (registry+https://github.com/rust-lang/crates.io-index)",
 "ncollide_math 0.8.0 (registry+https://github.com/rust-lang/crates.io-index)",
 "ncollide_pipeline 0.12.1 (registry+https://github.com/rust-lang/crates.io-index)",
 "ncollide_procedural 0.8.0 (registry+https://github.com/rust-lang/crates.io-index)",
 "ncollide_transformation 0.8.0 (registry+https://github.com/rust-lang/crates.io-index)",
 "ncollide_utils 0.8.0 (registry+https://github.com/rust-lang/crates.io-index)",
]

[[package]]
name = "ncollide_geometry"
version = "0.5.1"
source = "registry+https://github.com/rust-lang/crates.io-index"
dependencies = [
 "alga 0.5.2 (registry+https://github.com/rust-lang/crates.io-index)",
 "approx 0.1.1 (registry+https://github.com/rust-lang/crates.io-index)",
 "nalgebra 0.13.1 (registry+https://github.com/rust-lang/crates.io-index)",
 "ncollide_math 0.8.0 (registry+https://github.com/rust-lang/crates.io-index)",
 "ncollide_utils 0.8.0 (registry+https://github.com/rust-lang/crates.io-index)",
 "num-traits 0.1.41 (registry+https://github.com/rust-lang/crates.io-index)",
 "rustc-serialize 0.3.24 (registry+https://github.com/rust-lang/crates.io-index)",
]

[[package]]
name = "ncollide_math"
version = "0.8.0"
source = "registry+https://github.com/rust-lang/crates.io-index"
dependencies = [
 "alga 0.5.2 (registry+https://github.com/rust-lang/crates.io-index)",
 "approx 0.1.1 (registry+https://github.com/rust-lang/crates.io-index)",
 "nalgebra 0.13.1 (registry+https://github.com/rust-lang/crates.io-index)",
 "num-traits 0.1.41 (registry+https://github.com/rust-lang/crates.io-index)",
 "rand 0.3.20 (registry+https://github.com/rust-lang/crates.io-index)",
 "rustc-serialize 0.3.24 (registry+https://github.com/rust-lang/crates.io-index)",
]

[[package]]
name = "ncollide_pipeline"
version = "0.12.1"
source = "registry+https://github.com/rust-lang/crates.io-index"
dependencies = [
 "alga 0.5.2 (registry+https://github.com/rust-lang/crates.io-index)",
 "nalgebra 0.13.1 (registry+https://github.com/rust-lang/crates.io-index)",
 "ncollide_geometry 0.5.1 (registry+https://github.com/rust-lang/crates.io-index)",
 "ncollide_math 0.8.0 (registry+https://github.com/rust-lang/crates.io-index)",
 "ncollide_utils 0.8.0 (registry+https://github.com/rust-lang/crates.io-index)",
 "rustc-serialize 0.3.24 (registry+https://github.com/rust-lang/crates.io-index)",
]

[[package]]
name = "ncollide_procedural"
version = "0.8.0"
source = "registry+https://github.com/rust-lang/crates.io-index"
dependencies = [
 "alga 0.5.2 (registry+https://github.com/rust-lang/crates.io-index)",
 "nalgebra 0.13.1 (registry+https://github.com/rust-lang/crates.io-index)",
 "ncollide_math 0.8.0 (registry+https://github.com/rust-lang/crates.io-index)",
 "ncollide_utils 0.8.0 (registry+https://github.com/rust-lang/crates.io-index)",
 "num-traits 0.1.41 (registry+https://github.com/rust-lang/crates.io-index)",
 "rustc-serialize 0.3.24 (registry+https://github.com/rust-lang/crates.io-index)",
]

[[package]]
name = "ncollide_transformation"
version = "0.8.0"
source = "registry+https://github.com/rust-lang/crates.io-index"
dependencies = [
 "alga 0.5.2 (registry+https://github.com/rust-lang/crates.io-index)",
 "approx 0.1.1 (registry+https://github.com/rust-lang/crates.io-index)",
 "nalgebra 0.13.1 (registry+https://github.com/rust-lang/crates.io-index)",
 "ncollide_geometry 0.5.1 (registry+https://github.com/rust-lang/crates.io-index)",
 "ncollide_math 0.8.0 (registry+https://github.com/rust-lang/crates.io-index)",
 "ncollide_procedural 0.8.0 (registry+https://github.com/rust-lang/crates.io-index)",
 "ncollide_utils 0.8.0 (registry+https://github.com/rust-lang/crates.io-index)",
 "num-traits 0.1.41 (registry+https://github.com/rust-lang/crates.io-index)",
 "rustc-serialize 0.3.24 (registry+https://github.com/rust-lang/crates.io-index)",
]

[[package]]
name = "ncollide_utils"
version = "0.8.0"
source = "registry+https://github.com/rust-lang/crates.io-index"
dependencies = [
 "alga 0.5.2 (registry+https://github.com/rust-lang/crates.io-index)",
 "approx 0.1.1 (registry+https://github.com/rust-lang/crates.io-index)",
 "nalgebra 0.13.1 (registry+https://github.com/rust-lang/crates.io-index)",
 "ncollide_math 0.8.0 (registry+https://github.com/rust-lang/crates.io-index)",
 "num-traits 0.1.41 (registry+https://github.com/rust-lang/crates.io-index)",
 "rand 0.3.20 (registry+https://github.com/rust-lang/crates.io-index)",
 "rustc-serialize 0.3.24 (registry+https://github.com/rust-lang/crates.io-index)",
]

[[package]]
name = "nodrop"
version = "0.1.12"
source = "registry+https://github.com/rust-lang/crates.io-index"

[[package]]
name = "nphysics3d"
version = "0.7.2"
source = "registry+https://github.com/rust-lang/crates.io-index"
dependencies = [
 "alga 0.5.2 (registry+https://github.com/rust-lang/crates.io-index)",
 "nalgebra 0.13.1 (registry+https://github.com/rust-lang/crates.io-index)",
 "ncollide 0.13.0 (registry+https://github.com/rust-lang/crates.io-index)",
 "num-traits 0.1.41 (registry+https://github.com/rust-lang/crates.io-index)",
 "rustc-serialize 0.3.24 (registry+https://github.com/rust-lang/crates.io-index)",
]

[[package]]
name = "num-complex"
version = "0.1.41"
source = "registry+https://github.com/rust-lang/crates.io-index"
dependencies = [
 "num-traits 0.1.41 (registry+https://github.com/rust-lang/crates.io-index)",
 "rustc-serialize 0.3.24 (registry+https://github.com/rust-lang/crates.io-index)",
]

[[package]]
name = "num-traits"
version = "0.1.41"
source = "registry+https://github.com/rust-lang/crates.io-index"

[[package]]
name = "quote"
version = "0.3.15"
source = "registry+https://github.com/rust-lang/crates.io-index"

[[package]]
name = "rand"
version = "0.3.20"
dependencies = [
 "fuchsia-zircon 0.3.3 (registry+https://github.com/rust-lang/crates.io-index)",
 "libc 0.2.36 (registry+https://github.com/rust-lang/crates.io-index)",
]

[[package]]
name = "rand"
version = "0.3.20"
source = "registry+https://github.com/rust-lang/crates.io-index"
replace = "rand 0.3.20"

[[package]]
name = "rawpointer"
version = "0.1.0"
source = "registry+https://github.com/rust-lang/crates.io-index"

[[package]]
name = "rustc-serialize"
version = "0.3.24"

[[package]]
name = "rustc-serialize"
version = "0.3.24"
source = "registry+https://github.com/rust-lang/crates.io-index"
replace = "rustc-serialize 0.3.24"

[[package]]
name = "serde"
version = "1.0.27"
source = "registry+https://github.com/rust-lang/crates.io-index"

[[package]]
name = "serde_derive"
version = "1.0.27"
source = "registry+https://github.com/rust-lang/crates.io-index"
dependencies = [
 "quote 0.3.15 (registry+https://github.com/rust-lang/crates.io-index)",
 "serde_derive_internals 0.19.0 (registry+https://github.com/rust-lang/crates.io-index)",
 "syn 0.11.11 (registry+https://github.com/rust-lang/crates.io-index)",
]

[[package]]
name = "serde_derive_internals"
version = "0.19.0"
source = "registry+https://github.com/rust-lang/crates.io-index"
dependencies = [
 "syn 0.11.11 (registry+https://github.com/rust-lang/crates.io-index)",
 "synom 0.11.3 (registry+https://github.com/rust-lang/crates.io-index)",
]

[[package]]
name = "serde_json"
version = "1.0.9"
source = "registry+https://github.com/rust-lang/crates.io-index"
dependencies = [
 "dtoa 0.4.2 (registry+https://github.com/rust-lang/crates.io-index)",
 "itoa 0.3.4 (registry+https://github.com/rust-lang/crates.io-index)",
 "num-traits 0.1.41 (registry+https://github.com/rust-lang/crates.io-index)",
 "serde 1.0.27 (registry+https://github.com/rust-lang/crates.io-index)",
]

[[package]]
name = "stdweb"
version = "0.3.0"
source = "git+https://github.com/koute/stdweb.git#ea1cd903794d0941a16585e721ded736715557ea"
dependencies = [
 "serde 1.0.27 (registry+https://github.com/rust-lang/crates.io-index)",
 "serde_json 1.0.9 (registry+https://github.com/rust-lang/crates.io-index)",
]

[[package]]
name = "syn"
version = "0.11.11"
source = "registry+https://github.com/rust-lang/crates.io-index"
dependencies = [
 "quote 0.3.15 (registry+https://github.com/rust-lang/crates.io-index)",
 "synom 0.11.3 (registry+https://github.com/rust-lang/crates.io-index)",
 "unicode-xid 0.0.4 (registry+https://github.com/rust-lang/crates.io-index)",
]

[[package]]
name = "synom"
version = "0.11.3"
source = "registry+https://github.com/rust-lang/crates.io-index"
dependencies = [
 "unicode-xid 0.0.4 (registry+https://github.com/rust-lang/crates.io-index)",
]

[[package]]
name = "typenum"
version = "1.9.0"
source = "registry+https://github.com/rust-lang/crates.io-index"

[[package]]
name = "unicode-xid"
version = "0.0.4"
source = "registry+https://github.com/rust-lang/crates.io-index"

[[package]]
name = "unigame"
version = "0.1.0"
dependencies = [
 "nalgebra 0.13.1 (registry+https://github.com/rust-lang/crates.io-index)",
 "ncollide 0.13.0 (registry+https://github.com/rust-lang/crates.io-index)",
 "nphysics3d 0.7.2 (registry+https://github.com/rust-lang/crates.io-index)",
 "stdweb 0.3.0 (git+https://github.com/koute/stdweb.git)",
 "webgl 0.1.0",
]

[[package]]
name = "webgl"
version = "0.1.0"
dependencies = [
 "gl 0.6.5 (registry+https://github.com/rust-lang/crates.io-index)",
 "glenum 0.1.0 (git+https://github.com/oussama/glenum-rs.git)",
 "stdweb 0.3.0 (git+https://github.com/koute/stdweb.git)",
]

[[package]]
name = "xml-rs"
version = "0.7.0"
source = "registry+https://github.com/rust-lang/crates.io-index"
dependencies = [
 "bitflags 1.0.1 (registry+https://github.com/rust-lang/crates.io-index)",
]

[metadata]
"checksum alga 0.5.2 (registry+https://github.com/rust-lang/crates.io-index)" = "9a9749cf5cfdca30ac35de67358fb24e2d26a88e2819ee83efb794a09f0b421b"
"checksum approx 0.1.1 (registry+https://github.com/rust-lang/crates.io-index)" = "08abcc3b4e9339e33a3d0a5ed15d84a687350c05689d825e0f6655eef9e76a94"
"checksum bitflags 1.0.1 (registry+https://github.com/rust-lang/crates.io-index)" = "b3c30d3802dfb7281680d6285f2ccdaa8c2d8fee41f93805dba5c4cf50dc23cf"
"checksum cfg-if 0.1.2 (registry+https://github.com/rust-lang/crates.io-index)" = "d4c819a1287eb618df47cc647173c5c4c66ba19d888a6e50d605672aed3140de"
"checksum dtoa 0.4.2 (registry+https://github.com/rust-lang/crates.io-index)" = "09c3753c3db574d215cba4ea76018483895d7bff25a31b49ba45db21c48e50ab"
"checksum fuchsia-zircon 0.3.3 (registry+https://github.com/rust-lang/crates.io-index)" = "2e9763c69ebaae630ba35f74888db465e49e259ba1bc0eda7d06f4a067615d82"
"checksum fuchsia-zircon-sys 0.3.3 (registry+https://github.com/rust-lang/crates.io-index)" = "3dcaa9ae7725d12cdb85b3ad99a434db70b468c09ded17e012d86b5c1010f7a7"
"checksum generic-array 0.8.3 (registry+https://github.com/rust-lang/crates.io-index)" = "fceb69994e330afed50c93524be68c42fa898c2d9fd4ee8da03bd7363acd26f2"
"checksum gl 0.6.5 (registry+https://github.com/rust-lang/crates.io-index)" = "1c73b90c285f02059b34a6c66bc645ba5faa18c0e3ab332e0725654fc71db441"
"checksum gl_generator 0.6.1 (registry+https://github.com/rust-lang/crates.io-index)" = "75d69f914b49d9ff32fdf394cbd798f8c716d74fd19f9cc29da3e99797b2a78d"
"checksum glenum 0.1.0 (git+https://github.com/oussama/glenum-rs.git)" = "<none>"
"checksum itoa 0.3.4 (registry+https://github.com/rust-lang/crates.io-index)" = "8324a32baf01e2ae060e9de58ed0bc2320c9a2833491ee36cd3b4c414de4db8c"
"checksum khronos_api 2.0.0 (registry+https://github.com/rust-lang/crates.io-index)" = "d867c645cfeb8a7fec503731679eac03ac11b7105aa5a71cb8f8ee5271636add"
"checksum libc 0.2.36 (registry+https://github.com/rust-lang/crates.io-index)" = "1e5d97d6708edaa407429faa671b942dc0f2727222fb6b6539bf1db936e4b121"
"checksum log 0.3.9 (registry+https://github.com/rust-lang/crates.io-index)" = "e19e8d5c34a3e0e2223db8e060f9e8264aeeb5c5fc64a4ee9965c062211c024b"
"checksum log 0.4.1 (registry+https://github.com/rust-lang/crates.io-index)" = "89f010e843f2b1a31dbd316b3b8d443758bc634bed37aabade59c686d644e0a2"
"checksum matrixmultiply 0.1.14 (registry+https://github.com/rust-lang/crates.io-index)" = "cac1a66eab356036af85ea093101a14223dc6e3f4c02a59b7d572e5b93270bf7"
"checksum nalgebra 0.13.1 (registry+https://github.com/rust-lang/crates.io-index)" = "c8516d8710f28c64cfc75b274c75c55c967ad4ece7090521b3c065de1d12336b"
"checksum ncollide 0.13.0 (registry+https://github.com/rust-lang/crates.io-index)" = "af8b50392e3ca12693839344f085b00f088033901e4345b5820514f721431ca6"
"checksum ncollide_geometry 0.5.1 (registry+https://github.com/rust-lang/crates.io-index)" = "ce6b6a22647f0f0aff90f7237e69150784da41a78b134554ec26c7e406e189e7"
"checksum ncollide_math 0.8.0 (registry+https://github.com/rust-lang/crates.io-index)" = "64b88168c4ddad2e1123299bfb529c4de73383520caf45ccb5a9c9129fdcbe3d"
"checksum ncollide_pipeline 0.12.1 (registry+https://github.com/rust-lang/crates.io-index)" = "28aa4f0d2bfe476da36fdf61d5217a4e4efa7768a53f4c216845d92806c27429"
"checksum ncollide_procedural 0.8.0 (registry+https://github.com/rust-lang/crates.io-index)" = "63441d1763a6880894ccf2f5d9c81545ee426538119c6e6dc0768c8c8ab325a1"
"checksum ncollide_transformation 0.8.0 (registry+https://github.com/rust-lang/crates.io-index)" = "348a4684b4e409f0e4b9d649afa4460a09fcefc6083113a1483008db8ada8845"
"checksum ncollide_utils 0.8.0 (registry+https://github.com/rust-lang/crates.io-index)" = "2b0bf88903f5ee3f6e1c2a86e3aaff81d8fb4315ee4ccb52ff70cdd0fdbf0425"
"checksum nodrop 0.1.12 (registry+https://github.com/rust-lang/crates.io-index)" = "9a2228dca57108069a5262f2ed8bd2e82496d2e074a06d1ccc7ce1687b6ae0a2"
"checksum nphysics3d 0.7.2 (registry+https://github.com/rust-lang/crates.io-index)" = "723137babde11a7738f199ee66d7450f0aaf8227fb2975a18144d3b2466ea1bb"
"checksum num-complex 0.1.41 (registry+https://github.com/rust-lang/crates.io-index)" = "58de7b4bf7cf5dbecb635a5797d489864eadd03b107930cbccf9e0fd7428b47c"
"checksum num-traits 0.1.41 (registry+https://github.com/rust-lang/crates.io-index)" = "cacfcab5eb48250ee7d0c7896b51a2c5eec99c1feea5f32025635f5ae4b00070"
"checksum quote 0.3.15 (registry+https://github.com/rust-lang/crates.io-index)" = "7a6e920b65c65f10b2ae65c831a81a073a89edd28c7cce89475bff467ab4167a"
"checksum rand 0.3.20 (registry+https://github.com/rust-lang/crates.io-index)" = "512870020642bb8c221bf68baa1b2573da814f6ccfe5c9699b1c303047abe9b1"
"checksum rawpointer 0.1.0 (registry+https://github.com/rust-lang/crates.io-index)" = "ebac11a9d2e11f2af219b8b8d833b76b1ea0e054aa0e8d8e9e4cbde353bdf019"
"checksum rustc-serialize 0.3.24 (registry+https://github.com/rust-lang/crates.io-index)" = "dcf128d1287d2ea9d80910b5f1120d0b8eede3fbf1abe91c40d39ea7d51e6fda"
"checksum serde 1.0.27 (registry+https://github.com/rust-lang/crates.io-index)" = "db99f3919e20faa51bb2996057f5031d8685019b5a06139b1ce761da671b8526"
"checksum serde_derive 1.0.27 (registry+https://github.com/rust-lang/crates.io-index)" = "f4ba7591cfe93755e89eeecdbcc668885624829b020050e6aec99c2a03bd3fd0"
"checksum serde_derive_internals 0.19.0 (registry+https://github.com/rust-lang/crates.io-index)" = "6e03f1c9530c3fb0a0a5c9b826bdd9246a5921ae995d75f512ac917fc4dd55b5"
"checksum serde_json 1.0.9 (registry+https://github.com/rust-lang/crates.io-index)" = "c9db7266c7d63a4c4b7fe8719656ccdd51acf1bed6124b174f933b009fb10bcb"
"checksum stdweb 0.3.0 (git+https://github.com/koute/stdweb.git)" = "<none>"
"checksum syn 0.11.11 (registry+https://github.com/rust-lang/crates.io-index)" = "d3b891b9015c88c576343b9b3e41c2c11a51c219ef067b264bd9c8aa9b441dad"
"checksum synom 0.11.3 (registry+https://github.com/rust-lang/crates.io-index)" = "a393066ed9010ebaed60b9eafa373d4b1baac186dd7e008555b0f702b51945b6"
"checksum typenum 1.9.0 (registry+https://github.com/rust-lang/crates.io-index)" = "13a99dc6780ef33c78780b826cf9d2a78840b72cae9474de4bcaf9051e60ebbd"
"checksum unicode-xid 0.0.4 (registry+https://github.com/rust-lang/crates.io-index)" = "8c1f860d7d29cf02cb2f3f359fd35991af3d30bac52c57d265a3c461074cb4dc"
"checksum xml-rs 0.7.0 (registry+https://github.com/rust-lang/crates.io-index)" = "3c1cb601d29fe2c2ac60a2b2e5e293994d87a1f6fa9687a31a15270f909be9c2"
