[[package]]
name = "lazy_static"
version = "1.0.0"
source = "registry+https://github.com/rust-lang/crates.io-index"

[[package]]
name = "libc"
version = "0.2.39"
source = "registry+https://github.com/rust-lang/crates.io-index"

[[package]]
name = "memchr"
version = "2.0.1"
source = "registry+https://github.com/rust-lang/crates.io-index"
dependencies = [
 "libc 0.2.39 (registry+https://github.com/rust-lang/crates.io-index)",
]

[[package]]
name = "nom"
version = "4.0.0-beta2"
source = "registry+https://github.com/rust-lang/crates.io-index"
dependencies = [
 "memchr 2.0.1 (registry+https://github.com/rust-lang/crates.io-index)",
]

[[package]]
name = "uni-glsl"
version = "0.1.0"
dependencies = [
 "lazy_static 1.0.0 (registry+https://github.com/rust-lang/crates.io-index)",
 "nom 4.0.0-beta2 (registry+https://github.com/rust-lang/crates.io-index)",
]

[metadata]
"checksum lazy_static 1.0.0 (registry+https://github.com/rust-lang/crates.io-index)" = "c8f31047daa365f19be14b47c29df4f7c3b581832407daabe6ae77397619237d"
"checksum libc 0.2.39 (registry+https://github.com/rust-lang/crates.io-index)" = "f54263ad99207254cf58b5f701ecb432c717445ea2ee8af387334bdd1a03fdff"
"checksum memchr 2.0.1 (registry+https://github.com/rust-lang/crates.io-index)" = "796fba70e76612589ed2ce7f45282f5af869e0fdd7cc6199fa1aa1f1d591ba9d"
"checksum nom 4.0.0-beta2 (registry+https://github.com/rust-lang/crates.io-index)" = "2b86dd5a5739ba63d5e7e1ec90806c4c13a5fb1ea8b8855e2e3796d821627301"
